<?xml version="1.0" encoding="utf-8"?>
<Project ToolsVersion="4.0" xmlns="http://schemas.microsoft.com/developer/msbuild/2003">
  <ItemGroup>
    <Filter Include="Window">
      <UniqueIdentifier>{73b7d816-d9da-4c03-aecb-4fc88a614a32}</UniqueIdentifier>
    </Filter>
    <Filter Include="Curve">
      <UniqueIdentifier>{ce4e61e8-481b-4c92-bd0c-af9c8f3585b5}</UniqueIdentifier>
    </Filter>
  </ItemGroup>
  <ItemGroup>
    <Text Include="ReadMe.txt" />
  </ItemGroup>
  <ItemGroup>
    <ClInclude Include="AbstractWindow.h">
      <Filter>Window</Filter>
    </ClInclude>
    <ClInclude Include="Window.h">
      <Filter>Window</Filter>
    </ClInclude>
    <ClInclude Include="DispatchEvent.h">
      <Filter>Window</Filter>
    </ClInclude>
    <ClInclude Include="CoordinateSystem.h">
      <Filter>Curve</Filter>
    </ClInclude>
    <ClInclude Include="BezierCurve.h">
      <Filter>Curve</Filter>
    </ClInclude>
    <ClInclude Include="targetver.h" />
    <ClInclude Include="stdafx.h" />
  </ItemGroup>
  <ItemGroup>
    <ClCompile Include="Window.cpp">
      <Filter>Window</Filter>
    </ClCompile>
    <ClCompile Include="DispatchEvent.cpp">
      <Filter>Window</Filter>
    </ClCompile>
    <ClCompile Include="AbstractWindow.cpp">
      <Filter>Window</Filter>
    </ClCompile>
    <ClCompile Include="BezierCurve.cpp">
      <Filter>Curve</Filter>
    </ClCompile>
    <ClCompile Include="CoordinateSystem.cpp">
      <Filter>Curve</Filter>
    </ClCompile>
    <ClCompile Include="stdafx.cpp" />
    <ClCompile Include="cg_lab1.cpp" />
  </ItemGroup>
</Project>