
Microsoft Visual Studio Solution File, Format Version 12.00
# Visual Studio 14
VisualStudioVersion = 14.0.25123.0
MinimumVisualStudioVersion = 10.0.40219.1
Project("{8BC9CEB8-8B4A-11D0-8D11-00A0C91BC942}") = "BezierCurve", "cg_lab1\cg_lab1.vcxproj", "{7175ED6D-FA7A-4A40-82BD-7871D92C3ED6}"
EndProject
Project("{8BC9CEB8-8B4A-11D0-8D11-00A0C91BC942}") = "Meadow", "Measure\Measure.vcxproj", "{ABE82F85-CC60-41D9-9B54-6EB206ADC471}"
EndProject
Project("{8BC9CEB8-8B4A-11D0-8D11-00A0C91BC942}") = "3DShape", "3DShape\3DShape.vcxproj", "{C14C0478-58EA-4FB2-A70C-D7B640E362BB}"
EndProject
Project("{8BC9CEB8-8B4A-11D0-8D11-00A0C91BC942}") = "RevolutionBody", "RevolutionBody\RevolutionBody.vcxproj", "{FFB9E3BA-955B-4851-BB3E-0904F16840C2}"
EndProject
Project("{8BC9CEB8-8B4A-11D0-8D11-00A0C91BC942}") = "Cannabis", "Cannabis\Cannabis.vcxproj", "{E86C95E6-3096-4930-B464-F564F63025E6}"
EndProject
Project("{8BC9CEB8-8B4A-11D0-8D11-00A0C91BC942}") = "libchapter3", "libchapter3\libchapter3.vcxproj", "{58B8CC1A-A431-365F-AFAD-09D7C8964EFB}"
EndProject
Global
	GlobalSection(SolutionConfigurationPlatforms) = preSolution
		Debug|Mixed Platforms = Debug|Mixed Platforms
		Debug|Win32 = Debug|Win32
		Debug|x64 = Debug|x64
		Debug|x86 = Debug|x86
		MinSizeRel|Mixed Platforms = MinSizeRel|Mixed Platforms
		MinSizeRel|Win32 = MinSizeRel|Win32
		MinSizeRel|x64 = MinSizeRel|x64
		MinSizeRel|x86 = MinSizeRel|x86
		Release|Mixed Platforms = Release|Mixed Platforms
		Release|Win32 = Release|Win32
		Release|x64 = Release|x64
		Release|x86 = Release|x86
		RelWithDebInfo|Mixed Platforms = RelWithDebInfo|Mixed Platforms
		RelWithDebInfo|Win32 = RelWithDebInfo|Win32
		RelWithDebInfo|x64 = RelWithDebInfo|x64
		RelWithDebInfo|x86 = RelWithDebInfo|x86
	EndGlobalSection
	GlobalSection(ProjectConfigurationPlatforms) = postSolution
		{7175ED6D-FA7A-4A40-82BD-7871D92C3ED6}.Debug|Mixed Platforms.ActiveCfg = Debug|Win32
		{7175ED6D-FA7A-4A40-82BD-7871D92C3ED6}.Debug|Mixed Platforms.Build.0 = Debug|Win32
		{7175ED6D-FA7A-4A40-82BD-7871D92C3ED6}.Debug|Win32.ActiveCfg = Debug|Win32
		{7175ED6D-FA7A-4A40-82BD-7871D92C3ED6}.Debug|Win32.Build.0 = Debug|Win32
		{7175ED6D-FA7A-4A40-82BD-7871D92C3ED6}.Debug|x64.ActiveCfg = Debug|x64
		{7175ED6D-FA7A-4A40-82BD-7871D92C3ED6}.Debug|x64.Build.0 = Debug|x64
		{7175ED6D-FA7A-4A40-82BD-7871D92C3ED6}.Debug|x86.ActiveCfg = Debug|Win32
		{7175ED6D-FA7A-4A40-82BD-7871D92C3ED6}.Debug|x86.Build.0 = Debug|Win32
		{7175ED6D-FA7A-4A40-82BD-7871D92C3ED6}.MinSizeRel|Mixed Platforms.ActiveCfg = Release|Win32
		{7175ED6D-FA7A-4A40-82BD-7871D92C3ED6}.MinSizeRel|Mixed Platforms.Build.0 = Release|Win32
		{7175ED6D-FA7A-4A40-82BD-7871D92C3ED6}.MinSizeRel|Win32.ActiveCfg = Release|Win32
		{7175ED6D-FA7A-4A40-82BD-7871D92C3ED6}.MinSizeRel|Win32.Build.0 = Release|Win32
		{7175ED6D-FA7A-4A40-82BD-7871D92C3ED6}.MinSizeRel|x64.ActiveCfg = Release|x64
		{7175ED6D-FA7A-4A40-82BD-7871D92C3ED6}.MinSizeRel|x64.Build.0 = Release|x64
		{7175ED6D-FA7A-4A40-82BD-7871D92C3ED6}.MinSizeRel|x86.ActiveCfg = Release|Win32
		{7175ED6D-FA7A-4A40-82BD-7871D92C3ED6}.MinSizeRel|x86.Build.0 = Release|Win32
		{7175ED6D-FA7A-4A40-82BD-7871D92C3ED6}.Release|Mixed Platforms.ActiveCfg = Release|Win32
		{7175ED6D-FA7A-4A40-82BD-7871D92C3ED6}.Release|Mixed Platforms.Build.0 = Release|Win32
		{7175ED6D-FA7A-4A40-82BD-7871D92C3ED6}.Release|Win32.ActiveCfg = Release|Win32
		{7175ED6D-FA7A-4A40-82BD-7871D92C3ED6}.Release|Win32.Build.0 = Release|Win32
		{7175ED6D-FA7A-4A40-82BD-7871D92C3ED6}.Release|x64.ActiveCfg = Release|x64
		{7175ED6D-FA7A-4A40-82BD-7871D92C3ED6}.Release|x64.Build.0 = Release|x64
		{7175ED6D-FA7A-4A40-82BD-7871D92C3ED6}.Release|x86.ActiveCfg = Release|Win32
		{7175ED6D-FA7A-4A40-82BD-7871D92C3ED6}.Release|x86.Build.0 = Release|Win32
		{7175ED6D-FA7A-4A40-82BD-7871D92C3ED6}.RelWithDebInfo|Mixed Platforms.ActiveCfg = Release|Win32
		{7175ED6D-FA7A-4A40-82BD-7871D92C3ED6}.RelWithDebInfo|Mixed Platforms.Build.0 = Release|Win32
		{7175ED6D-FA7A-4A40-82BD-7871D92C3ED6}.RelWithDebInfo|Win32.ActiveCfg = Release|Win32
		{7175ED6D-FA7A-4A40-82BD-7871D92C3ED6}.RelWithDebInfo|Win32.Build.0 = Release|Win32
		{7175ED6D-FA7A-4A40-82BD-7871D92C3ED6}.RelWithDebInfo|x64.ActiveCfg = Release|x64
		{7175ED6D-FA7A-4A40-82BD-7871D92C3ED6}.RelWithDebInfo|x64.Build.0 = Release|x64
		{7175ED6D-FA7A-4A40-82BD-7871D92C3ED6}.RelWithDebInfo|x86.ActiveCfg = Release|Win32
		{7175ED6D-FA7A-4A40-82BD-7871D92C3ED6}.RelWithDebInfo|x86.Build.0 = Release|Win32
		{ABE82F85-CC60-41D9-9B54-6EB206ADC471}.Debug|Mixed Platforms.ActiveCfg = Debug|Win32
		{ABE82F85-CC60-41D9-9B54-6EB206ADC471}.Debug|Mixed Platforms.Build.0 = Debug|Win32
		{ABE82F85-CC60-41D9-9B54-6EB206ADC471}.Debug|Win32.ActiveCfg = Debug|Win32
		{ABE82F85-CC60-41D9-9B54-6EB206ADC471}.Debug|Win32.Build.0 = Debug|Win32
		{ABE82F85-CC60-41D9-9B54-6EB206ADC471}.Debug|x64.ActiveCfg = Debug|Win32
		{ABE82F85-CC60-41D9-9B54-6EB206ADC471}.Debug|x86.ActiveCfg = Debug|Win32
		{ABE82F85-CC60-41D9-9B54-6EB206ADC471}.Debug|x86.Build.0 = Debug|Win32
		{ABE82F85-CC60-41D9-9B54-6EB206ADC471}.MinSizeRel|Mixed Platforms.ActiveCfg = Release|Win32
		{ABE82F85-CC60-41D9-9B54-6EB206ADC471}.MinSizeRel|Mixed Platforms.Build.0 = Release|Win32
		{ABE82F85-CC60-41D9-9B54-6EB206ADC471}.MinSizeRel|Win32.ActiveCfg = Release|Win32
		{ABE82F85-CC60-41D9-9B54-6EB206ADC471}.MinSizeRel|Win32.Build.0 = Release|Win32
		{ABE82F85-CC60-41D9-9B54-6EB206ADC471}.MinSizeRel|x64.ActiveCfg = Release|Win32
		{ABE82F85-CC60-41D9-9B54-6EB206ADC471}.MinSizeRel|x64.Build.0 = Release|Win32
		{ABE82F85-CC60-41D9-9B54-6EB206ADC471}.MinSizeRel|x86.ActiveCfg = Release|Win32
		{ABE82F85-CC60-41D9-9B54-6EB206ADC471}.MinSizeRel|x86.Build.0 = Release|Win32
		{ABE82F85-CC60-41D9-9B54-6EB206ADC471}.Release|Mixed Platforms.ActiveCfg = Release|Win32
		{ABE82F85-CC60-41D9-9B54-6EB206ADC471}.Release|Mixed Platforms.Build.0 = Release|Win32
		{ABE82F85-CC60-41D9-9B54-6EB206ADC471}.Release|Win32.ActiveCfg = Release|Win32
		{ABE82F85-CC60-41D9-9B54-6EB206ADC471}.Release|Win32.Build.0 = Release|Win32
		{ABE82F85-CC60-41D9-9B54-6EB206ADC471}.Release|x64.ActiveCfg = Release|Win32
		{ABE82F85-CC60-41D9-9B54-6EB206ADC471}.Release|x86.ActiveCfg = Release|Win32
		{ABE82F85-CC60-41D9-9B54-6EB206ADC471}.Release|x86.Build.0 = Release|Win32
		{ABE82F85-CC60-41D9-9B54-6EB206ADC471}.RelWithDebInfo|Mixed Platforms.ActiveCfg = Release|Win32
		{ABE82F85-CC60-41D9-9B54-6EB206ADC471}.RelWithDebInfo|Mixed Platforms.Build.0 = Release|Win32
		{ABE82F85-CC60-41D9-9B54-6EB206ADC471}.RelWithDebInfo|Win32.ActiveCfg = Release|Win32
		{ABE82F85-CC60-41D9-9B54-6EB206ADC471}.RelWithDebInfo|Win32.Build.0 = Release|Win32
		{ABE82F85-CC60-41D9-9B54-6EB206ADC471}.RelWithDebInfo|x64.ActiveCfg = Release|Win32
		{ABE82F85-CC60-41D9-9B54-6EB206ADC471}.RelWithDebInfo|x64.Build.0 = Release|Win32
		{ABE82F85-CC60-41D9-9B54-6EB206ADC471}.RelWithDebInfo|x86.ActiveCfg = Release|Win32
		{ABE82F85-CC60-41D9-9B54-6EB206ADC471}.RelWithDebInfo|x86.Build.0 = Release|Win32
		{C14C0478-58EA-4FB2-A70C-D7B640E362BB}.Debug|Mixed Platforms.ActiveCfg = Debug|Win32
		{C14C0478-58EA-4FB2-A70C-D7B640E362BB}.Debug|Mixed Platforms.Build.0 = Debug|Win32
		{C14C0478-58EA-4FB2-A70C-D7B640E362BB}.Debug|Win32.ActiveCfg = Debug|Win32
		{C14C0478-58EA-4FB2-A70C-D7B640E362BB}.Debug|Win32.Build.0 = Debug|Win32
		{C14C0478-58EA-4FB2-A70C-D7B640E362BB}.Debug|x64.ActiveCfg = Debug|x64
		{C14C0478-58EA-4FB2-A70C-D7B640E362BB}.Debug|x64.Build.0 = Debug|x64
		{C14C0478-58EA-4FB2-A70C-D7B640E362BB}.Debug|x86.ActiveCfg = Debug|Win32
		{C14C0478-58EA-4FB2-A70C-D7B640E362BB}.Debug|x86.Build.0 = Debug|Win32
		{C14C0478-58EA-4FB2-A70C-D7B640E362BB}.MinSizeRel|Mixed Platforms.ActiveCfg = Release|Win32
		{C14C0478-58EA-4FB2-A70C-D7B640E362BB}.MinSizeRel|Mixed Platforms.Build.0 = Release|Win32
		{C14C0478-58EA-4FB2-A70C-D7B640E362BB}.MinSizeRel|Win32.ActiveCfg = Release|Win32
		{C14C0478-58EA-4FB2-A70C-D7B640E362BB}.MinSizeRel|Win32.Build.0 = Release|Win32
		{C14C0478-58EA-4FB2-A70C-D7B640E362BB}.MinSizeRel|x64.ActiveCfg = Release|x64
		{C14C0478-58EA-4FB2-A70C-D7B640E362BB}.MinSizeRel|x64.Build.0 = Release|x64
		{C14C0478-58EA-4FB2-A70C-D7B640E362BB}.MinSizeRel|x86.ActiveCfg = Release|Win32
		{C14C0478-58EA-4FB2-A70C-D7B640E362BB}.MinSizeRel|x86.Build.0 = Release|Win32
		{C14C0478-58EA-4FB2-A70C-D7B640E362BB}.Release|Mixed Platforms.ActiveCfg = Release|Win32
		{C14C0478-58EA-4FB2-A70C-D7B640E362BB}.Release|Mixed Platforms.Build.0 = Release|Win32
		{C14C0478-58EA-4FB2-A70C-D7B640E362BB}.Release|Win32.ActiveCfg = Release|Win32
		{C14C0478-58EA-4FB2-A70C-D7B640E362BB}.Release|Win32.Build.0 = Release|Win32
		{C14C0478-58EA-4FB2-A70C-D7B640E362BB}.Release|x64.ActiveCfg = Release|x64
		{C14C0478-58EA-4FB2-A70C-D7B640E362BB}.Release|x64.Build.0 = Release|x64
		{C14C0478-58EA-4FB2-A70C-D7B640E362BB}.Release|x86.ActiveCfg = Release|Win32
		{C14C0478-58EA-4FB2-A70C-D7B640E362BB}.Release|x86.Build.0 = Release|Win32
		{C14C0478-58EA-4FB2-A70C-D7B640E362BB}.RelWithDebInfo|Mixed Platforms.ActiveCfg = Release|Win32
		{C14C0478-58EA-4FB2-A70C-D7B640E362BB}.RelWithDebInfo|Mixed Platforms.Build.0 = Release|Win32
		{C14C0478-58EA-4FB2-A70C-D7B640E362BB}.RelWithDebInfo|Win32.ActiveCfg = Release|Win32
		{C14C0478-58EA-4FB2-A70C-D7B640E362BB}.RelWithDebInfo|Win32.Build.0 = Release|Win32
		{C14C0478-58EA-4FB2-A70C-D7B640E362BB}.RelWithDebInfo|x64.ActiveCfg = Release|x64
		{C14C0478-58EA-4FB2-A70C-D7B640E362BB}.RelWithDebInfo|x64.Build.0 = Release|x64
		{C14C0478-58EA-4FB2-A70C-D7B640E362BB}.RelWithDebInfo|x86.ActiveCfg = Release|Win32
		{C14C0478-58EA-4FB2-A70C-D7B640E362BB}.RelWithDebInfo|x86.Build.0 = Release|Win32
		{FFB9E3BA-955B-4851-BB3E-0904F16840C2}.Debug|Mixed Platforms.ActiveCfg = Debug|Win32
		{FFB9E3BA-955B-4851-BB3E-0904F16840C2}.Debug|Mixed Platforms.Build.0 = Debug|Win32
		{FFB9E3BA-955B-4851-BB3E-0904F16840C2}.Debug|Win32.ActiveCfg = Debug|Win32
		{FFB9E3BA-955B-4851-BB3E-0904F16840C2}.Debug|Win32.Build.0 = Debug|Win32
		{FFB9E3BA-955B-4851-BB3E-0904F16840C2}.Debug|x64.ActiveCfg = Debug|x64
		{FFB9E3BA-955B-4851-BB3E-0904F16840C2}.Debug|x64.Build.0 = Debug|x64
		{FFB9E3BA-955B-4851-BB3E-0904F16840C2}.Debug|x86.ActiveCfg = Debug|Win32
		{FFB9E3BA-955B-4851-BB3E-0904F16840C2}.Debug|x86.Build.0 = Debug|Win32
		{FFB9E3BA-955B-4851-BB3E-0904F16840C2}.MinSizeRel|Mixed Platforms.ActiveCfg = Release|Win32
		{FFB9E3BA-955B-4851-BB3E-0904F16840C2}.MinSizeRel|Mixed Platforms.Build.0 = Release|Win32
		{FFB9E3BA-955B-4851-BB3E-0904F16840C2}.MinSizeRel|Win32.ActiveCfg = Release|Win32
		{FFB9E3BA-955B-4851-BB3E-0904F16840C2}.MinSizeRel|Win32.Build.0 = Release|Win32
		{FFB9E3BA-955B-4851-BB3E-0904F16840C2}.MinSizeRel|x64.ActiveCfg = Release|x64
		{FFB9E3BA-955B-4851-BB3E-0904F16840C2}.MinSizeRel|x64.Build.0 = Release|x64
		{FFB9E3BA-955B-4851-BB3E-0904F16840C2}.MinSizeRel|x86.ActiveCfg = Release|Win32
		{FFB9E3BA-955B-4851-BB3E-0904F16840C2}.MinSizeRel|x86.Build.0 = Release|Win32
		{FFB9E3BA-955B-4851-BB3E-0904F16840C2}.Release|Mixed Platforms.ActiveCfg = Release|Win32
		{FFB9E3BA-955B-4851-BB3E-0904F16840C2}.Release|Mixed Platforms.Build.0 = Release|Win32
		{FFB9E3BA-955B-4851-BB3E-0904F16840C2}.Release|Win32.ActiveCfg = Release|Win32
		{FFB9E3BA-955B-4851-BB3E-0904F16840C2}.Release|Win32.Build.0 = Release|Win32
		{FFB9E3BA-955B-4851-BB3E-0904F16840C2}.Release|x64.ActiveCfg = Release|x64
		{FFB9E3BA-955B-4851-BB3E-0904F16840C2}.Release|x64.Build.0 = Release|x64
		{FFB9E3BA-955B-4851-BB3E-0904F16840C2}.Release|x86.ActiveCfg = Release|Win32
		{FFB9E3BA-955B-4851-BB3E-0904F16840C2}.Release|x86.Build.0 = Release|Win32
		{FFB9E3BA-955B-4851-BB3E-0904F16840C2}.RelWithDebInfo|Mixed Platforms.ActiveCfg = Release|Win32
		{FFB9E3BA-955B-4851-BB3E-0904F16840C2}.RelWithDebInfo|Mixed Platforms.Build.0 = Release|Win32
		{FFB9E3BA-955B-4851-BB3E-0904F16840C2}.RelWithDebInfo|Win32.ActiveCfg = Release|Win32
		{FFB9E3BA-955B-4851-BB3E-0904F16840C2}.RelWithDebInfo|Win32.Build.0 = Release|Win32
		{FFB9E3BA-955B-4851-BB3E-0904F16840C2}.RelWithDebInfo|x64.ActiveCfg = Release|x64
		{FFB9E3BA-955B-4851-BB3E-0904F16840C2}.RelWithDebInfo|x64.Build.0 = Release|x64
		{FFB9E3BA-955B-4851-BB3E-0904F16840C2}.RelWithDebInfo|x86.ActiveCfg = Release|Win32
		{FFB9E3BA-955B-4851-BB3E-0904F16840C2}.RelWithDebInfo|x86.Build.0 = Release|Win32
		{E86C95E6-3096-4930-B464-F564F63025E6}.Debug|Mixed Platforms.ActiveCfg = Debug|Win32
		{E86C95E6-3096-4930-B464-F564F63025E6}.Debug|Mixed Platforms.Build.0 = Debug|Win32
		{E86C95E6-3096-4930-B464-F564F63025E6}.Debug|Win32.ActiveCfg = Debug|Win32
		{E86C95E6-3096-4930-B464-F564F63025E6}.Debug|Win32.Build.0 = Debug|Win32
		{E86C95E6-3096-4930-B464-F564F63025E6}.Debug|x64.ActiveCfg = Debug|x64
		{E86C95E6-3096-4930-B464-F564F63025E6}.Debug|x64.Build.0 = Debug|x64
		{E86C95E6-3096-4930-B464-F564F63025E6}.Debug|x86.ActiveCfg = Debug|Win32
		{E86C95E6-3096-4930-B464-F564F63025E6}.Debug|x86.Build.0 = Debug|Win32
		{E86C95E6-3096-4930-B464-F564F63025E6}.MinSizeRel|Mixed Platforms.ActiveCfg = Release|Win32
		{E86C95E6-3096-4930-B464-F564F63025E6}.MinSizeRel|Mixed Platforms.Build.0 = Release|Win32
		{E86C95E6-3096-4930-B464-F564F63025E6}.MinSizeRel|Win32.ActiveCfg = Release|Win32
		{E86C95E6-3096-4930-B464-F564F63025E6}.MinSizeRel|Win32.Build.0 = Release|Win32
		{E86C95E6-3096-4930-B464-F564F63025E6}.MinSizeRel|x64.ActiveCfg = Release|x64
		{E86C95E6-3096-4930-B464-F564F63025E6}.MinSizeRel|x64.Build.0 = Release|x64
		{E86C95E6-3096-4930-B464-F564F63025E6}.MinSizeRel|x86.ActiveCfg = Release|Win32
		{E86C95E6-3096-4930-B464-F564F63025E6}.MinSizeRel|x86.Build.0 = Release|Win32
		{E86C95E6-3096-4930-B464-F564F63025E6}.Release|Mixed Platforms.ActiveCfg = Release|Win32
		{E86C95E6-3096-4930-B464-F564F63025E6}.Release|Mixed Platforms.Build.0 = Release|Win32
		{E86C95E6-3096-4930-B464-F564F63025E6}.Release|Win32.ActiveCfg = Release|Win32
		{E86C95E6-3096-4930-B464-F564F63025E6}.Release|Win32.Build.0 = Release|Win32
		{E86C95E6-3096-4930-B464-F564F63025E6}.Release|x64.ActiveCfg = Release|x64
		{E86C95E6-3096-4930-B464-F564F63025E6}.Release|x64.Build.0 = Release|x64
		{E86C95E6-3096-4930-B464-F564F63025E6}.Release|x86.ActiveCfg = Release|Win32
		{E86C95E6-3096-4930-B464-F564F63025E6}.Release|x86.Build.0 = Release|Win32
		{E86C95E6-3096-4930-B464-F564F63025E6}.RelWithDebInfo|Mixed Platforms.ActiveCfg = Release|Win32
		{E86C95E6-3096-4930-B464-F564F63025E6}.RelWithDebInfo|Mixed Platforms.Build.0 = Release|Win32
		{E86C95E6-3096-4930-B464-F564F63025E6}.RelWithDebInfo|Win32.ActiveCfg = Release|Win32
		{E86C95E6-3096-4930-B464-F564F63025E6}.RelWithDebInfo|Win32.Build.0 = Release|Win32
		{E86C95E6-3096-4930-B464-F564F63025E6}.RelWithDebInfo|x64.ActiveCfg = Release|x64
		{E86C95E6-3096-4930-B464-F564F63025E6}.RelWithDebInfo|x64.Build.0 = Release|x64
		{E86C95E6-3096-4930-B464-F564F63025E6}.RelWithDebInfo|x86.ActiveCfg = Release|Win32
		{E86C95E6-3096-4930-B464-F564F63025E6}.RelWithDebInfo|x86.Build.0 = Release|Win32
		{58B8CC1A-A431-365F-AFAD-09D7C8964EFB}.Debug|Mixed Platforms.ActiveCfg = Debug|Win32
		{58B8CC1A-A431-365F-AFAD-09D7C8964EFB}.Debug|Mixed Platforms.Build.0 = Debug|Win32
		{58B8CC1A-A431-365F-AFAD-09D7C8964EFB}.Debug|Win32.ActiveCfg = Debug|Win32
		{58B8CC1A-A431-365F-AFAD-09D7C8964EFB}.Debug|Win32.Build.0 = Debug|Win32
		{58B8CC1A-A431-365F-AFAD-09D7C8964EFB}.Debug|x64.ActiveCfg = Debug|Win32
		{58B8CC1A-A431-365F-AFAD-09D7C8964EFB}.Debug|x86.ActiveCfg = Debug|Win32
		{58B8CC1A-A431-365F-AFAD-09D7C8964EFB}.Debug|x86.Build.0 = Debug|Win32
		{58B8CC1A-A431-365F-AFAD-09D7C8964EFB}.MinSizeRel|Mixed Platforms.ActiveCfg = MinSizeRel|Win32
		{58B8CC1A-A431-365F-AFAD-09D7C8964EFB}.MinSizeRel|Mixed Platforms.Build.0 = MinSizeRel|Win32
		{58B8CC1A-A431-365F-AFAD-09D7C8964EFB}.MinSizeRel|Win32.ActiveCfg = MinSizeRel|Win32
		{58B8CC1A-A431-365F-AFAD-09D7C8964EFB}.MinSizeRel|Win32.Build.0 = MinSizeRel|Win32
		{58B8CC1A-A431-365F-AFAD-09D7C8964EFB}.MinSizeRel|x64.ActiveCfg = MinSizeRel|Win32
		{58B8CC1A-A431-365F-AFAD-09D7C8964EFB}.MinSizeRel|x86.ActiveCfg = MinSizeRel|Win32
		{58B8CC1A-A431-365F-AFAD-09D7C8964EFB}.MinSizeRel|x86.Build.0 = MinSizeRel|Win32
		{58B8CC1A-A431-365F-AFAD-09D7C8964EFB}.Release|Mixed Platforms.ActiveCfg = Release|Win32
		{58B8CC1A-A431-365F-AFAD-09D7C8964EFB}.Release|Mixed Platforms.Build.0 = Release|Win32
		{58B8CC1A-A431-365F-AFAD-09D7C8964EFB}.Release|Win32.ActiveCfg = Release|Win32
		{58B8CC1A-A431-365F-AFAD-09D7C8964EFB}.Release|Win32.Build.0 = Release|Win32
		{58B8CC1A-A431-365F-AFAD-09D7C8964EFB}.Release|x64.ActiveCfg = Release|Win32
		{58B8CC1A-A431-365F-AFAD-09D7C8964EFB}.Release|x86.ActiveCfg = Release|Win32
		{58B8CC1A-A431-365F-AFAD-09D7C8964EFB}.Release|x86.Build.0 = Release|Win32
		{58B8CC1A-A431-365F-AFAD-09D7C8964EFB}.RelWithDebInfo|Mixed Platforms.ActiveCfg = RelWithDebInfo|Win32
		{58B8CC1A-A431-365F-AFAD-09D7C8964EFB}.RelWithDebInfo|Mixed Platforms.Build.0 = RelWithDebInfo|Win32
		{58B8CC1A-A431-365F-AFAD-09D7C8964EFB}.RelWithDebInfo|Win32.ActiveCfg = RelWithDebInfo|Win32
		{58B8CC1A-A431-365F-AFAD-09D7C8964EFB}.RelWithDebInfo|Win32.Build.0 = RelWithDebInfo|Win32
		{58B8CC1A-A431-365F-AFAD-09D7C8964EFB}.RelWithDebInfo|x64.ActiveCfg = RelWithDebInfo|Win32
		{58B8CC1A-A431-365F-AFAD-09D7C8964EFB}.RelWithDebInfo|x86.ActiveCfg = RelWithDebInfo|Win32
		{58B8CC1A-A431-365F-AFAD-09D7C8964EFB}.RelWithDebInfo|x86.Build.0 = RelWithDebInfo|Win32
	EndGlobalSection
	GlobalSection(SolutionProperties) = preSolution
		HideSolutionNode = FALSE
	EndGlobalSection
EndGlobal
